
Microsoft Visual Studio Solution File, Format Version 10.00
# Visual Studio 2008
Project("{B3672514-7503-4B01-B4B4-B44E87061EA2}") = "Boojay.Compilation", "Boojay.Compilation.booproj", "{1A8AB3B2-D4D8-46EF-9505-26AB010AA7CA}"
EndProject
Project("{B3672514-7503-4B01-B4B4-B44E87061EA2}") = "Boojay.Lang", "..\Boojay.Lang\Boojay.Lang.booproj", "{D910050A-F1F8-4773-9E34-8252BBE1CDFE}"
EndProject
Project("{B3672514-7503-4B01-B4B4-B44E87061EA2}") = "Boojay.Macros", "..\Boojay.Macros\Boojay.Macros.booproj", "{4FEAC342-EC91-4CAF-BF65-44D7B839FA1C}"
EndProject
Project("{B3672514-7503-4B01-B4B4-B44E87061EA2}") = "boojay", "..\boojay\boojay.booproj", "{18EC5CD9-B3EF-423B-BF50-2A17234F7F3D}"
EndProject
Project("{B3672514-7503-4B01-B4B4-B44E87061EA2}") = "Boojay.Compilation.Tests", "..\Boojay.Compilation.Tests\Boojay.Compilation.Tests.booproj", "{E7C65813-7813-4EB5-8489-15E405D2010A}"
EndProject
Global
	GlobalSection(SolutionConfigurationPlatforms) = preSolution
		Debug|Any CPU = Debug|Any CPU
		Release|Any CPU = Release|Any CPU
	EndGlobalSection
	GlobalSection(ProjectConfigurationPlatforms) = postSolution
		{18EC5CD9-B3EF-423B-BF50-2A17234F7F3D}.Debug|Any CPU.ActiveCfg = Debug|Any CPU
		{18EC5CD9-B3EF-423B-BF50-2A17234F7F3D}.Debug|Any CPU.Build.0 = Debug|Any CPU
		{18EC5CD9-B3EF-423B-BF50-2A17234F7F3D}.Release|Any CPU.ActiveCfg = Release|Any CPU
		{18EC5CD9-B3EF-423B-BF50-2A17234F7F3D}.Release|Any CPU.Build.0 = Release|Any CPU
		{1A8AB3B2-D4D8-46EF-9505-26AB010AA7CA}.Debug|Any CPU.ActiveCfg = Debug|Any CPU
		{1A8AB3B2-D4D8-46EF-9505-26AB010AA7CA}.Debug|Any CPU.Build.0 = Debug|Any CPU
		{1A8AB3B2-D4D8-46EF-9505-26AB010AA7CA}.Release|Any CPU.ActiveCfg = Release|Any CPU
		{1A8AB3B2-D4D8-46EF-9505-26AB010AA7CA}.Release|Any CPU.Build.0 = Release|Any CPU
		{4FEAC342-EC91-4CAF-BF65-44D7B839FA1C}.Debug|Any CPU.ActiveCfg = Debug|Any CPU
		{4FEAC342-EC91-4CAF-BF65-44D7B839FA1C}.Debug|Any CPU.Build.0 = Debug|Any CPU
		{4FEAC342-EC91-4CAF-BF65-44D7B839FA1C}.Release|Any CPU.ActiveCfg = Release|Any CPU
		{4FEAC342-EC91-4CAF-BF65-44D7B839FA1C}.Release|Any CPU.Build.0 = Release|Any CPU
		{D910050A-F1F8-4773-9E34-8252BBE1CDFE}.Debug|Any CPU.ActiveCfg = Debug|Any CPU
		{D910050A-F1F8-4773-9E34-8252BBE1CDFE}.Debug|Any CPU.Build.0 = Debug|Any CPU
		{D910050A-F1F8-4773-9E34-8252BBE1CDFE}.Release|Any CPU.ActiveCfg = Release|Any CPU
		{D910050A-F1F8-4773-9E34-8252BBE1CDFE}.Release|Any CPU.Build.0 = Release|Any CPU
		{E7C65813-7813-4EB5-8489-15E405D2010A}.Debug|Any CPU.ActiveCfg = Debug|Any CPU
		{E7C65813-7813-4EB5-8489-15E405D2010A}.Debug|Any CPU.Build.0 = Debug|Any CPU
		{E7C65813-7813-4EB5-8489-15E405D2010A}.Release|Any CPU.ActiveCfg = Release|Any CPU
		{E7C65813-7813-4EB5-8489-15E405D2010A}.Release|Any CPU.Build.0 = Release|Any CPU
	EndGlobalSection
	GlobalSection(MonoDevelopProperties) = preSolution
		StartupItem = Boojay.Compilation.booproj
	EndGlobalSection
EndGlobal
